
Microsoft Visual Studio Solution File, Format Version 12.00
# Visual Studio Version 17
VisualStudioVersion = 17.5.33530.505
MinimumVisualStudioVersion = 10.0.40219.1
Project("{FAE04EC0-301F-11D3-BF4B-00C04F79EFBC}") = "ProductosCore", "ProductosCore\ProductosCore.csproj", "{B7DD1B5C-9B9B-4701-9B80-3BC8BBE2999D}"
EndProject
Global
	GlobalSection(SolutionConfigurationPlatforms) = preSolution
		Debug|Any CPU = Debug|Any CPU
		Release|Any CPU = Release|Any CPU
	EndGlobalSection
	GlobalSection(ProjectConfigurationPlatforms) = postSolution
		{B7DD1B5C-9B9B-4701-9B80-3BC8BBE2999D}.Debug|Any CPU.ActiveCfg = Debug|Any CPU
		{B7DD1B5C-9B9B-4701-9B80-3BC8BBE2999D}.Debug|Any CPU.Build.0 = Debug|Any CPU
		{B7DD1B5C-9B9B-4701-9B80-3BC8BBE2999D}.Release|Any CPU.ActiveCfg = Release|Any CPU
		{B7DD1B5C-9B9B-4701-9B80-3BC8BBE2999D}.Release|Any CPU.Build.0 = Release|Any CPU
	EndGlobalSection
	GlobalSection(SolutionProperties) = preSolution
		HideSolutionNode = FALSE
	EndGlobalSection
	GlobalSection(ExtensibilityGlobals) = postSolution
		SolutionGuid = {95FFE6FE-A132-4AAF-9EB7-DCAF6B8C8A98}
	EndGlobalSection
EndGlobal
